
Microsoft Visual Studio Solution File, Format Version 12.00
# Visual Studio Version 17
VisualStudioVersion = 17.8.34525.116
MinimumVisualStudioVersion = 10.0.40219.1
Project("{FAE04EC0-301F-11D3-BF4B-00C04F79EFBC}") = "WinFormsApp1", "WinFormsApp1.csproj", "{41CA19B6-9C84-4919-B119-CCB4AD3CAB5D}"
EndProject
Global
	GlobalSection(SolutionConfigurationPlatforms) = preSolution
		Debug|Any CPU = Debug|Any CPU
		Release|Any CPU = Release|Any CPU
	EndGlobalSection
	GlobalSection(ProjectConfigurationPlatforms) = postSolution
		{41CA19B6-9C84-4919-B119-CCB4AD3CAB5D}.Debug|Any CPU.ActiveCfg = Debug|Any CPU
		{41CA19B6-9C84-4919-B119-CCB4AD3CAB5D}.Debug|Any CPU.Build.0 = Debug|Any CPU
		{41CA19B6-9C84-4919-B119-CCB4AD3CAB5D}.Release|Any CPU.ActiveCfg = Release|Any CPU
		{41CA19B6-9C84-4919-B119-CCB4AD3CAB5D}.Release|Any CPU.Build.0 = Release|Any CPU
	EndGlobalSection
	GlobalSection(SolutionProperties) = preSolution
		HideSolutionNode = FALSE
	EndGlobalSection
	GlobalSection(ExtensibilityGlobals) = postSolution
		SolutionGuid = {3464ABD4-5F2E-4C35-BDAB-515C796635F7}
	EndGlobalSection
EndGlobal
